PODS:
  - Action (5.0.0):
    - RxCocoa (~> 6.0)
    - RxSwift (~> 6.0)
  - FLEX (4.6.1)
  - LookinServer (1.0.5)
  - "NSObject+Rx (5.2.2)":
    - RxSwift (~> 6.2)
  - RxCocoa (6.5.0):
    - RxRelay (= 6.5.0)
    - RxSwift (= 6.5.0)
  - RxRelay (6.5.0):
    - RxSwift (= 6.5.0)
  - RxSwift (6.5.0)
  - SnapKit (5.0.1)
  - SwiftTweaks (4.1.2)
  - Then (2.7.0)
  - Toast-Swift (5.0.1)
  - XCoordinator (2.0.7):
    - XCoordinator/Core (= 2.0.7)
  - XCoordinator/Core (2.0.7)

DEPENDENCIES:
  - Action
  - FLEX
  - LookinServer
  - "NSObject+Rx"
  - RxCocoa
  - RxSwift
  - SnapKit
  - SwiftTweaks
  - Then
  - Toast-Swift
  - XCoordinator

SPEC REPOS:
  trunk:
    - Action
    - FLEX
    - LookinServer
    - "NSObject+Rx"
    - RxCocoa
    - RxRelay
    - RxSwift
    - SnapKit
    - SwiftTweaks
    - Then
    - Toast-Swift
    - XCoordinator

SPEC CHECKSUMS:
  Action: 47f1825511907b4fcd79dd7a7db9526c20f78018
  FLEX: bbc55d197f87d7cde2454c3981aa47069b694144
  LookinServer: 3d9a02529ed94a6a08154440c26f6d7f453bb1e7
  "NSObject+Rx": 61cf1f7306a73dcef8b36649198af0813ec18dfd
  RxCocoa: 94f817b71c07517321eb4f9ad299112ca8af743b
  RxRelay: 1de1523e604c72b6c68feadedd1af3b1b4d0ecbd
  RxSwift: 5710a9e6b17f3c3d6e40d6e559b9fa1e813b2ef8
  SnapKit: 97b92857e3df3a0c71833cce143274bf6ef8e5eb
  SwiftTweaks: d00f20029460bec9aa0511007cdec708e95f213f
  Then: acfe0be7e98221c6204e12f8161459606d5d822d
  Toast-Swift: 9b6a70f28b3bf0b96c40d46c0c4b9d6639846711
  XCoordinator: 9ee654fedef1ffede33d5c11677708a555c00542

PODFILE CHECKSUM: 39855810df36b835ea6623a6579eb99803a0f064

COCOAPODS: 1.10.1
