// !$*UTF8*$!
{
	archiveVersion = 1;
	classes = {
	};
	objectVersion = 55;
	objects = {

/* Begin PBXBuildFile section */
		0704C73127F8247A0009FAD3 /* BattleShip.swift in Sources */ = {isa = PBXBuildFile; fileRef = 0704C73027F8247A0009FAD3 /* BattleShip.swift */; };
		0704C73327F8357F0009FAD3 /* Map,Filter,Reduce.swift in Sources */ = {isa = PBXBuildFile; fileRef = 0704C73227F8357F0009FAD3 /* Map,Filter,Reduce.swift */; };
		0704C73527F856D00009FAD3 /* EnumStructFunctional.swift in Sources */ = {isa = PBXBuildFile; fileRef = 0704C73427F856D00009FAD3 /* EnumStructFunctional.swift */; };
		070D0EA02812AE2F00F01E31 /* CoreImageContentFlow.swift in Sources */ = {isa = PBXBuildFile; fileRef = 070D0E9F2812AE2F00F01E31 /* CoreImageContentFlow.swift */; };
		070D0EA22812AE9800F01E31 /* CoreImageContentViewController.swift in Sources */ = {isa = PBXBuildFile; fileRef = 070D0EA12812AE9800F01E31 /* CoreImageContentViewController.swift */; };
		070D0EA72812EE9400F01E31 /* CoreImageFirstViewController.swift in Sources */ = {isa = PBXBuildFile; fileRef = 070D0EA62812EE9400F01E31 /* CoreImageFirstViewController.swift */; };
		070D0EA92812FDCC00F01E31 /* CoreImageApplyRectViewController.swift in Sources */ = {isa = PBXBuildFile; fileRef = 070D0EA82812FDCC00F01E31 /* CoreImageApplyRectViewController.swift */; };
		0715717127F33CAE008259C9 /* AppDelegate.swift in Sources */ = {isa = PBXBuildFile; fileRef = 0715717027F33CAE008259C9 /* AppDelegate.swift */; };
		0715717527F33CAE008259C9 /* BuildingFormContentViewController.swift in Sources */ = {isa = PBXBuildFile; fileRef = 0715717427F33CAE008259C9 /* BuildingFormContentViewController.swift */; };
		0715717A27F33CAE008259C9 /* Assets.xcassets in Resources */ = {isa = PBXBuildFile; fileRef = 0715717927F33CAE008259C9 /* Assets.xcassets */; };
		0715717D27F33CAE008259C9 /* LaunchScreen.storyboard in Resources */ = {isa = PBXBuildFile; fileRef = 0715717B27F33CAE008259C9 /* LaunchScreen.storyboard */; };
		0739A2AF27F8002600E7B4A2 /* FunctionalProgramFlow.swift in Sources */ = {isa = PBXBuildFile; fileRef = 0739A2AE27F8002600E7B4A2 /* FunctionalProgramFlow.swift */; };
		0739A2B227F8032D00E7B4A2 /* FunctionalProgramContentViewController.swift in Sources */ = {isa = PBXBuildFile; fileRef = 0739A2B127F8032D00E7B4A2 /* FunctionalProgramContentViewController.swift */; };
		074704E52806B1C3007BEA46 /* CGPath+extension.swift in Sources */ = {isa = PBXBuildFile; fileRef = 074704E42806B1C3007BEA46 /* CGPath+extension.swift */; };
		074704F028071D6E007BEA46 /* CoreGraphicDemosViewController.swift in Sources */ = {isa = PBXBuildFile; fileRef = 074704EF28071D6E007BEA46 /* CoreGraphicDemosViewController.swift */; };
		074704F328071DF0007BEA46 /* CoreGraphicTextView.swift in Sources */ = {isa = PBXBuildFile; fileRef = 074704F228071DF0007BEA46 /* CoreGraphicTextView.swift */; };
		074704F528072173007BEA46 /* CoreGraphicLineView.swift in Sources */ = {isa = PBXBuildFile; fileRef = 074704F428072173007BEA46 /* CoreGraphicLineView.swift */; };
		074704F7280723CE007BEA46 /* CoreGraphicRectView.swift in Sources */ = {isa = PBXBuildFile; fileRef = 074704F6280723CE007BEA46 /* CoreGraphicRectView.swift */; };
		077F18C127F34FBA00709CBA /* BuildFormChapter3.swift in Sources */ = {isa = PBXBuildFile; fileRef = 077F18C027F34FBA00709CBA /* BuildFormChapter3.swift */; };
		077F18C427F3533800709CBA /* BuildFormChapter4.swift in Sources */ = {isa = PBXBuildFile; fileRef = 077F18C327F3533800709CBA /* BuildFormChapter4.swift */; };
		077F18C727F353EB00709CBA /* BuildFormChapter5.swift in Sources */ = {isa = PBXBuildFile; fileRef = 077F18C527F353EB00709CBA /* BuildFormChapter5.swift */; };
		077F18C827F353EB00709CBA /* BuildFormChapter6.swift in Sources */ = {isa = PBXBuildFile; fileRef = 077F18C627F353EB00709CBA /* BuildFormChapter6.swift */; };
		077F18CA27F357E300709CBA /* BuildFormChapter7.swift in Sources */ = {isa = PBXBuildFile; fileRef = 077F18C927F357E300709CBA /* BuildFormChapter7.swift */; };
		0785FB04280B216400AA8D3B /* WaveViewController.swift in Sources */ = {isa = PBXBuildFile; fileRef = 0785FB03280B216400AA8D3B /* WaveViewController.swift */; };
		0785FB06280B23EE00AA8D3B /* FlipPageViewController.swift in Sources */ = {isa = PBXBuildFile; fileRef = 0785FB05280B23EE00AA8D3B /* FlipPageViewController.swift */; };
		0785FB08280C7A6B00AA8D3B /* CoreGraphicCircle.swift in Sources */ = {isa = PBXBuildFile; fileRef = 0785FB07280C7A6B00AA8D3B /* CoreGraphicCircle.swift */; };
		07A29408280677E300CFFF03 /* BorderGradientButtonViewController.swift in Sources */ = {isa = PBXBuildFile; fileRef = 07A29407280677E300CFFF03 /* BorderGradientButtonViewController.swift */; };
		07A2940A280681C500CFFF03 /* PathGradientButton.swift in Sources */ = {isa = PBXBuildFile; fileRef = 07A29409280681C500CFFF03 /* PathGradientButton.swift */; };
		07A2940D2806A03D00CFFF03 /* UIColor+extensions.swift in Sources */ = {isa = PBXBuildFile; fileRef = 07A2940C2806A03D00CFFF03 /* UIColor+extensions.swift */; };
		07A2940F2806AD0800CFFF03 /* CGContext+extensions.swift in Sources */ = {isa = PBXBuildFile; fileRef = 07A2940E2806AD0800CFFF03 /* CGContext+extensions.swift */; };
		07B8224D27F34AD2005B8EB3 /* BuildFormChapter0.swift in Sources */ = {isa = PBXBuildFile; fileRef = 07B8224C27F34AD2005B8EB3 /* BuildFormChapter0.swift */; };
		07B8224F27F34C72005B8EB3 /* BuildFormChapter1.swift in Sources */ = {isa = PBXBuildFile; fileRef = 07B8224E27F34C72005B8EB3 /* BuildFormChapter1.swift */; };
		07B8225127F34D79005B8EB3 /* BuildFormChapter2.swift in Sources */ = {isa = PBXBuildFile; fileRef = 07B8225027F34D79005B8EB3 /* BuildFormChapter2.swift */; };
		07C683C82807BFA400D6463C /* AppTweaks.swift in Sources */ = {isa = PBXBuildFile; fileRef = 07C683C72807BFA400D6463C /* AppTweaks.swift */; };
		07C683CA2807C1A300D6463C /* Toast.swift in Sources */ = {isa = PBXBuildFile; fileRef = 07C683C92807C1A300D6463C /* Toast.swift */; };
		07C683CC2807C8CA00D6463C /* JournalContentFlow.swift in Sources */ = {isa = PBXBuildFile; fileRef = 07C683CB2807C8CA00D6463C /* JournalContentFlow.swift */; };
		07C683CF2807C96F00D6463C /* JournalContentViewController.swift in Sources */ = {isa = PBXBuildFile; fileRef = 07C683CE2807C96F00D6463C /* JournalContentViewController.swift */; };
		07C683D32807CAFA00D6463C /* JournalPageViewController.swift in Sources */ = {isa = PBXBuildFile; fileRef = 07C683D22807CAFA00D6463C /* JournalPageViewController.swift */; };
		07C683E02807FCA500D6463C /* BookCoverCell.swift in Sources */ = {isa = PBXBuildFile; fileRef = 07C683D72807FCA500D6463C /* BookCoverCell.swift */; };
		07C683E12807FCA500D6463C /* BooksLayout.swift in Sources */ = {isa = PBXBuildFile; fileRef = 07C683D82807FCA500D6463C /* BooksLayout.swift */; };
		07C683E22807FCA500D6463C /* BooksViewController.swift in Sources */ = {isa = PBXBuildFile; fileRef = 07C683D92807FCA500D6463C /* BooksViewController.swift */; };
		07C683E32807FCA500D6463C /* BookViewController.swift in Sources */ = {isa = PBXBuildFile; fileRef = 07C683DA2807FCA500D6463C /* BookViewController.swift */; };
		07C683E42807FCA500D6463C /* BookPageCell.swift in Sources */ = {isa = PBXBuildFile; fileRef = 07C683DB2807FCA500D6463C /* BookPageCell.swift */; };
		07C683E52807FCA500D6463C /* Book.swift in Sources */ = {isa = PBXBuildFile; fileRef = 07C683DC2807FCA500D6463C /* Book.swift */; };
		07C683E62807FCA500D6463C /* Books.plist in Resources */ = {isa = PBXBuildFile; fileRef = 07C683DD2807FCA500D6463C /* Books.plist */; };
		07C683E72807FCA500D6463C /* BookStore.swift in Sources */ = {isa = PBXBuildFile; fileRef = 07C683DE2807FCA500D6463C /* BookStore.swift */; };
		07C683E82807FCA500D6463C /* BookLayout.swift in Sources */ = {isa = PBXBuildFile; fileRef = 07C683DF2807FCA500D6463C /* BookLayout.swift */; };
		07C683EA2807FCB100D6463C /* UIImage+Helpers.swift in Sources */ = {isa = PBXBuildFile; fileRef = 07C683E92807FCB100D6463C /* UIImage+Helpers.swift */; };
		07C683F1280817F200D6463C /* BookNavigationController.swift in Sources */ = {isa = PBXBuildFile; fileRef = 07C683F0280817F200D6463C /* BookNavigationController.swift */; };
		07C683F328081A8F00D6463C /* BookOpeningTransition.swift in Sources */ = {isa = PBXBuildFile; fileRef = 07C683F228081A8F00D6463C /* BookOpeningTransition.swift */; };
		07C683F62808259A00D6463C /* CATransitionViewController.swift in Sources */ = {isa = PBXBuildFile; fileRef = 07C683F52808259A00D6463C /* CATransitionViewController.swift */; };
		07DCCA5F27F491AF000B0F5E /* Flow.swift in Sources */ = {isa = PBXBuildFile; fileRef = 07DCCA5E27F491AF000B0F5E /* Flow.swift */; };
		07DCCA6127F491F7000B0F5E /* MainContentFlow.swift in Sources */ = {isa = PBXBuildFile; fileRef = 07DCCA6027F491F7000B0F5E /* MainContentFlow.swift */; };
		07DCCA6327F4949B000B0F5E /* MainContentViewController.swift in Sources */ = {isa = PBXBuildFile; fileRef = 07DCCA6227F4949B000B0F5E /* MainContentViewController.swift */; };
		07DCCA6527F49AC0000B0F5E /* BuildFormFlow.swift in Sources */ = {isa = PBXBuildFile; fileRef = 07DCCA6427F49AC0000B0F5E /* BuildFormFlow.swift */; };
		07DCCA6927F4A599000B0F5E /* StackBuilder.swift in Sources */ = {isa = PBXBuildFile; fileRef = 07DCCA6827F4A599000B0F5E /* StackBuilder.swift */; };
		07DCCA6B27F4A6A5000B0F5E /* CoreGraphicFlow.swift in Sources */ = {isa = PBXBuildFile; fileRef = 07DCCA6A27F4A6A5000B0F5E /* CoreGraphicFlow.swift */; };
		07DCCA6E27F4A7F6000B0F5E /* CoreGraphicContentViewController.swift in Sources */ = {isa = PBXBuildFile; fileRef = 07DCCA6D27F4A7F6000B0F5E /* CoreGraphicContentViewController.swift */; };
		07DCCA7327F4A990000B0F5E /* CoolButton.swift in Sources */ = {isa = PBXBuildFile; fileRef = 07DCCA6F27F4A990000B0F5E /* CoolButton.swift */; };
		07DCCA7427F4A990000B0F5E /* GlossyButtonViewController.swift in Sources */ = {isa = PBXBuildFile; fileRef = 07DCCA7027F4A990000B0F5E /* GlossyButtonViewController.swift */; };
		07DCCA7527F4A990000B0F5E /* UIView+createRoundedRect.swift in Sources */ = {isa = PBXBuildFile; fileRef = 07DCCA7127F4A990000B0F5E /* UIView+createRoundedRect.swift */; };
		07DCCA7827F4AC42000B0F5E /* Stacks.swift in Sources */ = {isa = PBXBuildFile; fileRef = 07DCCA7727F4AC42000B0F5E /* Stacks.swift */; };
		07E97C062811C17800B10B43 /* RxSwiftContentFlow.swift in Sources */ = {isa = PBXBuildFile; fileRef = 07E97C052811C17800B10B43 /* RxSwiftContentFlow.swift */; };
		07E97C082811C20800B10B43 /* RxSwiftContentViewController.swift in Sources */ = {isa = PBXBuildFile; fileRef = 07E97C072811C20800B10B43 /* RxSwiftContentViewController.swift */; };
		07E97C0A2811C42D00B10B43 /* RxSubjectViewController.swift in Sources */ = {isa = PBXBuildFile; fileRef = 07E97C092811C42D00B10B43 /* RxSubjectViewController.swift */; };
		07F1481827F6F3FD00D5B611 /* Curry.swift in Sources */ = {isa = PBXBuildFile; fileRef = 07F1481727F6F3FD00D5B611 /* Curry.swift */; };
		C6627CC1092A0A52BA632D55 /* Pods_Monitor.framework in Frameworks */ = {isa = PBXBuildFile; fileRef = 7AB02687FDF6982F5E90A9BD /* Pods_Monitor.framework */; };
/* End PBXBuildFile section */

/* Begin PBXFileReference section */
		0704C73027F8247A0009FAD3 /* BattleShip.swift */ = {isa = PBXFileReference; lastKnownFileType = sourcecode.swift; path = BattleShip.swift; sourceTree = "<group>"; };
		0704C73227F8357F0009FAD3 /* Map,Filter,Reduce.swift */ = {isa = PBXFileReference; lastKnownFileType = sourcecode.swift; path = "Map,Filter,Reduce.swift"; sourceTree = "<group>"; };
		0704C73427F856D00009FAD3 /* EnumStructFunctional.swift */ = {isa = PBXFileReference; lastKnownFileType = sourcecode.swift; path = EnumStructFunctional.swift; sourceTree = "<group>"; };
		070D0E9F2812AE2F00F01E31 /* CoreImageContentFlow.swift */ = {isa = PBXFileReference; lastKnownFileType = sourcecode.swift; path = CoreImageContentFlow.swift; sourceTree = "<group>"; };
		070D0EA12812AE9800F01E31 /* CoreImageContentViewController.swift */ = {isa = PBXFileReference; fileEncoding = 4; lastKnownFileType = sourcecode.swift; path = CoreImageContentViewController.swift; sourceTree = "<group>"; };
		070D0EA62812EE9400F01E31 /* CoreImageFirstViewController.swift */ = {isa = PBXFileReference; lastKnownFileType = sourcecode.swift; path = CoreImageFirstViewController.swift; sourceTree = "<group>"; };
		070D0EA82812FDCC00F01E31 /* CoreImageApplyRectViewController.swift */ = {isa = PBXFileReference; lastKnownFileType = sourcecode.swift; path = CoreImageApplyRectViewController.swift; sourceTree = "<group>"; };
		0715716D27F33CAE008259C9 /* Monitor.app */ = {isa = PBXFileReference; explicitFileType = wrapper.application; includeInIndex = 0; path = Monitor.app; sourceTree = BUILT_PRODUCTS_DIR; };
		0715717027F33CAE008259C9 /* AppDelegate.swift */ = {isa = PBXFileReference; lastKnownFileType = sourcecode.swift; path = AppDelegate.swift; sourceTree = "<group>"; };
		0715717427F33CAE008259C9 /* BuildingFormContentViewController.swift */ = {isa = PBXFileReference; lastKnownFileType = sourcecode.swift; path = BuildingFormContentViewController.swift; sourceTree = "<group>"; };
		0715717927F33CAE008259C9 /* Assets.xcassets */ = {isa = PBXFileReference; lastKnownFileType = folder.assetcatalog; path = Assets.xcassets; sourceTree = "<group>"; };
		0715717C27F33CAE008259C9 /* Base */ = {isa = PBXFileReference; lastKnownFileType = file.storyboard; name = Base; path = Base.lproj/LaunchScreen.storyboard; sourceTree = "<group>"; };
		0715717E27F33CAE008259C9 /* Info.plist */ = {isa = PBXFileReference; lastKnownFileType = text.plist.xml; path = Info.plist; sourceTree = "<group>"; };
		0739A2AE27F8002600E7B4A2 /* FunctionalProgramFlow.swift */ = {isa = PBXFileReference; lastKnownFileType = sourcecode.swift; path = FunctionalProgramFlow.swift; sourceTree = "<group>"; };
		0739A2B127F8032D00E7B4A2 /* FunctionalProgramContentViewController.swift */ = {isa = PBXFileReference; fileEncoding = 4; lastKnownFileType = sourcecode.swift; path = FunctionalProgramContentViewController.swift; sourceTree = "<group>"; };
		074704E42806B1C3007BEA46 /* CGPath+extension.swift */ = {isa = PBXFileReference; lastKnownFileType = sourcecode.swift; path = "CGPath+extension.swift"; sourceTree = "<group>"; };
		074704EF28071D6E007BEA46 /* CoreGraphicDemosViewController.swift */ = {isa = PBXFileReference; lastKnownFileType = sourcecode.swift; path = CoreGraphicDemosViewController.swift; sourceTree = "<group>"; };
		074704F228071DF0007BEA46 /* CoreGraphicTextView.swift */ = {isa = PBXFileReference; lastKnownFileType = sourcecode.swift; path = CoreGraphicTextView.swift; sourceTree = "<group>"; };
		074704F428072173007BEA46 /* CoreGraphicLineView.swift */ = {isa = PBXFileReference; lastKnownFileType = sourcecode.swift; path = CoreGraphicLineView.swift; sourceTree = "<group>"; };
		074704F6280723CE007BEA46 /* CoreGraphicRectView.swift */ = {isa = PBXFileReference; lastKnownFileType = sourcecode.swift; path = CoreGraphicRectView.swift; sourceTree = "<group>"; };
		077F18C027F34FBA00709CBA /* BuildFormChapter3.swift */ = {isa = PBXFileReference; lastKnownFileType = sourcecode.swift; path = BuildFormChapter3.swift; sourceTree = "<group>"; };
		077F18C327F3533800709CBA /* BuildFormChapter4.swift */ = {isa = PBXFileReference; lastKnownFileType = sourcecode.swift; path = BuildFormChapter4.swift; sourceTree = "<group>"; };
		077F18C527F353EB00709CBA /* BuildFormChapter5.swift */ = {isa = PBXFileReference; fileEncoding = 4; lastKnownFileType = sourcecode.swift; path = BuildFormChapter5.swift; sourceTree = "<group>"; };
		077F18C627F353EB00709CBA /* BuildFormChapter6.swift */ = {isa = PBXFileReference; fileEncoding = 4; lastKnownFileType = sourcecode.swift; path = BuildFormChapter6.swift; sourceTree = "<group>"; };
		077F18C927F357E300709CBA /* BuildFormChapter7.swift */ = {isa = PBXFileReference; lastKnownFileType = sourcecode.swift; path = BuildFormChapter7.swift; sourceTree = "<group>"; };
		077F18CB27F3592100709CBA /* AppCoordinator.swift */ = {isa = PBXFileReference; lastKnownFileType = sourcecode.swift; path = AppCoordinator.swift; sourceTree = "<group>"; };
		0785FB03280B216400AA8D3B /* WaveViewController.swift */ = {isa = PBXFileReference; lastKnownFileType = sourcecode.swift; path = WaveViewController.swift; sourceTree = "<group>"; };
		0785FB05280B23EE00AA8D3B /* FlipPageViewController.swift */ = {isa = PBXFileReference; lastKnownFileType = sourcecode.swift; path = FlipPageViewController.swift; sourceTree = "<group>"; };
		0785FB07280C7A6B00AA8D3B /* CoreGraphicCircle.swift */ = {isa = PBXFileReference; lastKnownFileType = sourcecode.swift; path = CoreGraphicCircle.swift; sourceTree = "<group>"; };
		07A29407280677E300CFFF03 /* BorderGradientButtonViewController.swift */ = {isa = PBXFileReference; lastKnownFileType = sourcecode.swift; path = BorderGradientButtonViewController.swift; sourceTree = "<group>"; };
		07A29409280681C500CFFF03 /* PathGradientButton.swift */ = {isa = PBXFileReference; lastKnownFileType = sourcecode.swift; path = PathGradientButton.swift; sourceTree = "<group>"; };
		07A2940C2806A03D00CFFF03 /* UIColor+extensions.swift */ = {isa = PBXFileReference; lastKnownFileType = sourcecode.swift; path = "UIColor+extensions.swift"; sourceTree = "<group>"; };
		07A2940E2806AD0800CFFF03 /* CGContext+extensions.swift */ = {isa = PBXFileReference; lastKnownFileType = sourcecode.swift; path = "CGContext+extensions.swift"; sourceTree = "<group>"; };
		07B820B227F340EB005B8EB3 /* BuildFormCoordinator.swift */ = {isa = PBXFileReference; lastKnownFileType = sourcecode.swift; path = BuildFormCoordinator.swift; sourceTree = "<group>"; };
		07B8224C27F34AD2005B8EB3 /* BuildFormChapter0.swift */ = {isa = PBXFileReference; lastKnownFileType = sourcecode.swift; path = BuildFormChapter0.swift; sourceTree = "<group>"; };
		07B8224E27F34C72005B8EB3 /* BuildFormChapter1.swift */ = {isa = PBXFileReference; lastKnownFileType = sourcecode.swift; path = BuildFormChapter1.swift; sourceTree = "<group>"; };
		07B8225027F34D79005B8EB3 /* BuildFormChapter2.swift */ = {isa = PBXFileReference; lastKnownFileType = sourcecode.swift; path = BuildFormChapter2.swift; sourceTree = "<group>"; };
		07C683C72807BFA400D6463C /* AppTweaks.swift */ = {isa = PBXFileReference; lastKnownFileType = sourcecode.swift; path = AppTweaks.swift; sourceTree = "<group>"; };
		07C683C92807C1A300D6463C /* Toast.swift */ = {isa = PBXFileReference; lastKnownFileType = sourcecode.swift; path = Toast.swift; sourceTree = "<group>"; };
		07C683CB2807C8CA00D6463C /* JournalContentFlow.swift */ = {isa = PBXFileReference; lastKnownFileType = sourcecode.swift; path = JournalContentFlow.swift; sourceTree = "<group>"; };
		07C683CE2807C96F00D6463C /* JournalContentViewController.swift */ = {isa = PBXFileReference; lastKnownFileType = sourcecode.swift; path = JournalContentViewController.swift; sourceTree = "<group>"; };
		07C683D22807CAFA00D6463C /* JournalPageViewController.swift */ = {isa = PBXFileReference; lastKnownFileType = sourcecode.swift; path = JournalPageViewController.swift; sourceTree = "<group>"; };
		07C683D72807FCA500D6463C /* BookCoverCell.swift */ = {isa = PBXFileReference; fileEncoding = 4; lastKnownFileType = sourcecode.swift; path = BookCoverCell.swift; sourceTree = "<group>"; };
		07C683D82807FCA500D6463C /* BooksLayout.swift */ = {isa = PBXFileReference; fileEncoding = 4; lastKnownFileType = sourcecode.swift; path = BooksLayout.swift; sourceTree = "<group>"; };
		07C683D92807FCA500D6463C /* BooksViewController.swift */ = {isa = PBXFileReference; fileEncoding = 4; lastKnownFileType = sourcecode.swift; path = BooksViewController.swift; sourceTree = "<group>"; };
		07C683DA2807FCA500D6463C /* BookViewController.swift */ = {isa = PBXFileReference; fileEncoding = 4; lastKnownFileType = sourcecode.swift; path = BookViewController.swift; sourceTree = "<group>"; };
		07C683DB2807FCA500D6463C /* BookPageCell.swift */ = {isa = PBXFileReference; fileEncoding = 4; lastKnownFileType = sourcecode.swift; path = BookPageCell.swift; sourceTree = "<group>"; };
		07C683DC2807FCA500D6463C /* Book.swift */ = {isa = PBXFileReference; fileEncoding = 4; lastKnownFileType = sourcecode.swift; path = Book.swift; sourceTree = "<group>"; };
		07C683DD2807FCA500D6463C /* Books.plist */ = {isa = PBXFileReference; fileEncoding = 4; lastKnownFileType = text.plist.xml; path = Books.plist; sourceTree = "<group>"; };
		07C683DE2807FCA500D6463C /* BookStore.swift */ = {isa = PBXFileReference; fileEncoding = 4; lastKnownFileType = sourcecode.swift; path = BookStore.swift; sourceTree = "<group>"; };
		07C683DF2807FCA500D6463C /* BookLayout.swift */ = {isa = PBXFileReference; fileEncoding = 4; lastKnownFileType = sourcecode.swift; path = BookLayout.swift; sourceTree = "<group>"; };
		07C683E92807FCB100D6463C /* UIImage+Helpers.swift */ = {isa = PBXFileReference; fileEncoding = 4; lastKnownFileType = sourcecode.swift; path = "UIImage+Helpers.swift"; sourceTree = "<group>"; };
		07C683F0280817F200D6463C /* BookNavigationController.swift */ = {isa = PBXFileReference; lastKnownFileType = sourcecode.swift; path = BookNavigationController.swift; sourceTree = "<group>"; };
		07C683F228081A8F00D6463C /* BookOpeningTransition.swift */ = {isa = PBXFileReference; lastKnownFileType = sourcecode.swift; path = BookOpeningTransition.swift; sourceTree = "<group>"; };
		07C683F52808259A00D6463C /* CATransitionViewController.swift */ = {isa = PBXFileReference; lastKnownFileType = sourcecode.swift; path = CATransitionViewController.swift; sourceTree = "<group>"; };
		07DCCA5E27F491AF000B0F5E /* Flow.swift */ = {isa = PBXFileReference; lastKnownFileType = sourcecode.swift; path = Flow.swift; sourceTree = "<group>"; };
		07DCCA6027F491F7000B0F5E /* MainContentFlow.swift */ = {isa = PBXFileReference; lastKnownFileType = sourcecode.swift; path = MainContentFlow.swift; sourceTree = "<group>"; };
		07DCCA6227F4949B000B0F5E /* MainContentViewController.swift */ = {isa = PBXFileReference; lastKnownFileType = sourcecode.swift; path = MainContentViewController.swift; sourceTree = "<group>"; };
		07DCCA6427F49AC0000B0F5E /* BuildFormFlow.swift */ = {isa = PBXFileReference; lastKnownFileType = sourcecode.swift; path = BuildFormFlow.swift; sourceTree = "<group>"; };
		07DCCA6827F4A599000B0F5E /* StackBuilder.swift */ = {isa = PBXFileReference; fileEncoding = 4; lastKnownFileType = sourcecode.swift; path = StackBuilder.swift; sourceTree = "<group>"; };
		07DCCA6A27F4A6A5000B0F5E /* CoreGraphicFlow.swift */ = {isa = PBXFileReference; lastKnownFileType = sourcecode.swift; path = CoreGraphicFlow.swift; sourceTree = "<group>"; };
		07DCCA6D27F4A7F6000B0F5E /* CoreGraphicContentViewController.swift */ = {isa = PBXFileReference; lastKnownFileType = sourcecode.swift; path = CoreGraphicContentViewController.swift; sourceTree = "<group>"; };
		07DCCA6F27F4A990000B0F5E /* CoolButton.swift */ = {isa = PBXFileReference; fileEncoding = 4; lastKnownFileType = sourcecode.swift; path = CoolButton.swift; sourceTree = "<group>"; };
		07DCCA7027F4A990000B0F5E /* GlossyButtonViewController.swift */ = {isa = PBXFileReference; fileEncoding = 4; lastKnownFileType = sourcecode.swift; path = GlossyButtonViewController.swift; sourceTree = "<group>"; };
		07DCCA7127F4A990000B0F5E /* UIView+createRoundedRect.swift */ = {isa = PBXFileReference; fileEncoding = 4; lastKnownFileType = sourcecode.swift; path = "UIView+createRoundedRect.swift"; sourceTree = "<group>"; };
		07DCCA7727F4AC42000B0F5E /* Stacks.swift */ = {isa = PBXFileReference; fileEncoding = 4; lastKnownFileType = sourcecode.swift; path = Stacks.swift; sourceTree = "<group>"; };
		07E97C052811C17800B10B43 /* RxSwiftContentFlow.swift */ = {isa = PBXFileReference; lastKnownFileType = sourcecode.swift; path = RxSwiftContentFlow.swift; sourceTree = "<group>"; };
		07E97C072811C20800B10B43 /* RxSwiftContentViewController.swift */ = {isa = PBXFileReference; fileEncoding = 4; lastKnownFileType = sourcecode.swift; path = RxSwiftContentViewController.swift; sourceTree = "<group>"; };
		07E97C092811C42D00B10B43 /* RxSubjectViewController.swift */ = {isa = PBXFileReference; lastKnownFileType = sourcecode.swift; path = RxSubjectViewController.swift; sourceTree = "<group>"; };
		07F1481727F6F3FD00D5B611 /* Curry.swift */ = {isa = PBXFileReference; lastKnownFileType = sourcecode.swift; path = Curry.swift; sourceTree = "<group>"; };
		253C923C1D72B27C4B01B383 /* Pods-Monitor.release.xcconfig */ = {isa = PBXFileReference; includeInIndex = 1; lastKnownFileType = text.xcconfig; name = "Pods-Monitor.release.xcconfig"; path = "Target Support Files/Pods-Monitor/Pods-Monitor.release.xcconfig"; sourceTree = "<group>"; };
		7AB02687FDF6982F5E90A9BD /* Pods_Monitor.framework */ = {isa = PBXFileReference; explicitFileType = wrapper.framework; includeInIndex = 0; path = Pods_Monitor.framework; sourceTree = BUILT_PRODUCTS_DIR; };
		B563F738B42984FEA2470A43 /* Pods-Monitor.debug.xcconfig */ = {isa = PBXFileReference; includeInIndex = 1; lastKnownFileType = text.xcconfig; name = "Pods-Monitor.debug.xcconfig"; path = "Target Support Files/Pods-Monitor/Pods-Monitor.debug.xcconfig"; sourceTree = "<group>"; };
/* End PBXFileReference section */

/* Begin PBXFrameworksBuildPhase section */
		0715716A27F33CAE008259C9 /* Frameworks */ = {
			isa = PBXFrameworksBuildPhase;
			buildActionMask = 2147483647;
			files = (
				C6627CC1092A0A52BA632D55 /* Pods_Monitor.framework in Frameworks */,
			);
			runOnlyForDeploymentPostprocessing = 0;
		};
/* End PBXFrameworksBuildPhase section */

/* Begin PBXGroup section */
		070D0E9E2812AE1A00F01E31 /* CoreImage&Filter */ = {
			isa = PBXGroup;
			children = (
				070D0E9F2812AE2F00F01E31 /* CoreImageContentFlow.swift */,
				070D0EA12812AE9800F01E31 /* CoreImageContentViewController.swift */,
				070D0EA62812EE9400F01E31 /* CoreImageFirstViewController.swift */,
				070D0EA82812FDCC00F01E31 /* CoreImageApplyRectViewController.swift */,
			);
			path = "CoreImage&Filter";
			sourceTree = "<group>";
		};
		0715716427F33CAE008259C9 = {
			isa = PBXGroup;
			children = (
				0715716F27F33CAE008259C9 /* Monitor */,
				0715716E27F33CAE008259C9 /* Products */,
				62868D8531AC909A70132765 /* Pods */,
				BFD613C392B014711FE33AA3 /* Frameworks */,
			);
			sourceTree = "<group>";
		};
		0715716E27F33CAE008259C9 /* Products */ = {
			isa = PBXGroup;
			children = (
				0715716D27F33CAE008259C9 /* Monitor.app */,
			);
			name = Products;
			sourceTree = "<group>";
		};
		0715716F27F33CAE008259C9 /* Monitor */ = {
			isa = PBXGroup;
			children = (
				07A2940B2806A02E00CFFF03 /* extensions */,
				07F1481627F6F3ED00D5B611 /* Swift language */,
				0721689927F5AA9500FE1021 /* Dig */,
				07DCCA6727F4A57F000B0F5E /* Tools */,
				07DCCA6627F4A30F000B0F5E /* App */,
				07DCCA5D27F49196000B0F5E /* didiCoordinator */,
				07B820B127F340D9005B8EB3 /* --Coordinator */,
			);
			path = Monitor;
			sourceTree = "<group>";
		};
		0721689927F5AA9500FE1021 /* Dig */ = {
			isa = PBXGroup;
			children = (
				070D0E9E2812AE1A00F01E31 /* CoreImage&Filter */,
				07E97C042811C16300B10B43 /* RxSwift */,
				07C683CD2807C95A00D6463C /* Journey */,
				0739A2B027F8030100E7B4A2 /* Functional */,
				0721689A27F5EC6A00FE1021 /* OpenGL */,
				07DCCA6C27F4A7D5000B0F5E /* CoreGraphic */,
				07B8224B27F34A57005B8EB3 /* BuildForm */,
			);
			path = Dig;
			sourceTree = "<group>";
		};
		0721689A27F5EC6A00FE1021 /* OpenGL */ = {
			isa = PBXGroup;
			children = (
			);
			path = OpenGL;
			sourceTree = "<group>";
		};
		0739A2B027F8030100E7B4A2 /* Functional */ = {
			isa = PBXGroup;
			children = (
				0739A2B127F8032D00E7B4A2 /* FunctionalProgramContentViewController.swift */,
				0704C73027F8247A0009FAD3 /* BattleShip.swift */,
				0704C73227F8357F0009FAD3 /* Map,Filter,Reduce.swift */,
				0704C73427F856D00009FAD3 /* EnumStructFunctional.swift */,
			);
			path = Functional;
			sourceTree = "<group>";
		};
		074704F128071D99007BEA46 /* CoreGrahpicDemos */ = {
			isa = PBXGroup;
			children = (
				074704EF28071D6E007BEA46 /* CoreGraphicDemosViewController.swift */,
				074704F228071DF0007BEA46 /* CoreGraphicTextView.swift */,
				074704F428072173007BEA46 /* CoreGraphicLineView.swift */,
				074704F6280723CE007BEA46 /* CoreGraphicRectView.swift */,
				0785FB07280C7A6B00AA8D3B /* CoreGraphicCircle.swift */,
			);
			path = CoreGrahpicDemos;
			sourceTree = "<group>";
		};
		07A2940B2806A02E00CFFF03 /* extensions */ = {
			isa = PBXGroup;
			children = (
				07A2940C2806A03D00CFFF03 /* UIColor+extensions.swift */,
				07A2940E2806AD0800CFFF03 /* CGContext+extensions.swift */,
				074704E42806B1C3007BEA46 /* CGPath+extension.swift */,
			);
			path = extensions;
			sourceTree = "<group>";
		};
		07B820B127F340D9005B8EB3 /* --Coordinator */ = {
			isa = PBXGroup;
			children = (
				07B820B227F340EB005B8EB3 /* BuildFormCoordinator.swift */,
				077F18CB27F3592100709CBA /* AppCoordinator.swift */,
			);
			path = "--Coordinator";
			sourceTree = "<group>";
		};
		07B8224B27F34A57005B8EB3 /* BuildForm */ = {
			isa = PBXGroup;
			children = (
				0715717427F33CAE008259C9 /* BuildingFormContentViewController.swift */,
				07B8224C27F34AD2005B8EB3 /* BuildFormChapter0.swift */,
				07B8224E27F34C72005B8EB3 /* BuildFormChapter1.swift */,
				07B8225027F34D79005B8EB3 /* BuildFormChapter2.swift */,
				077F18C027F34FBA00709CBA /* BuildFormChapter3.swift */,
				077F18C327F3533800709CBA /* BuildFormChapter4.swift */,
				077F18C527F353EB00709CBA /* BuildFormChapter5.swift */,
				077F18C627F353EB00709CBA /* BuildFormChapter6.swift */,
				077F18C927F357E300709CBA /* BuildFormChapter7.swift */,
			);
			path = BuildForm;
			sourceTree = "<group>";
		};
		07C683CD2807C95A00D6463C /* Journey */ = {
			isa = PBXGroup;
			children = (
				07C683F42808258D00D6463C /* Animation */,
				07C683D42807D2AD00D6463C /* Book Animation */,
				07C683D92807FCA500D6463C /* BooksViewController.swift */,
				07C683CE2807C96F00D6463C /* JournalContentViewController.swift */,
				07C683D22807CAFA00D6463C /* JournalPageViewController.swift */,
			);
			path = Journey;
			sourceTree = "<group>";
		};
		07C683D42807D2AD00D6463C /* Book Animation */ = {
			isa = PBXGroup;
			children = (
				07C683ED2807FD4700D6463C /* Page */,
				07C683EC2807FD3A00D6463C /* Books */,
				07C683EB2807FD2D00D6463C /* Model */,
				07C683F0280817F200D6463C /* BookNavigationController.swift */,
				07C683F228081A8F00D6463C /* BookOpeningTransition.swift */,
			);
			path = "Book Animation";
			sourceTree = "<group>";
		};
		07C683EB2807FD2D00D6463C /* Model */ = {
			isa = PBXGroup;
			children = (
				07C683E92807FCB100D6463C /* UIImage+Helpers.swift */,
				07C683DC2807FCA500D6463C /* Book.swift */,
				07C683DD2807FCA500D6463C /* Books.plist */,
				07C683DE2807FCA500D6463C /* BookStore.swift */,
			);
			path = Model;
			sourceTree = "<group>";
		};
		07C683EC2807FD3A00D6463C /* Books */ = {
			isa = PBXGroup;
			children = (
				07C683D72807FCA500D6463C /* BookCoverCell.swift */,
				07C683D82807FCA500D6463C /* BooksLayout.swift */,
			);
			path = Books;
			sourceTree = "<group>";
		};
		07C683ED2807FD4700D6463C /* Page */ = {
			isa = PBXGroup;
			children = (
				07C683DF2807FCA500D6463C /* BookLayout.swift */,
				07C683DB2807FCA500D6463C /* BookPageCell.swift */,
				07C683DA2807FCA500D6463C /* BookViewController.swift */,
			);
			path = Page;
			sourceTree = "<group>";
		};
		07C683F42808258D00D6463C /* Animation */ = {
			isa = PBXGroup;
			children = (
				07C683F52808259A00D6463C /* CATransitionViewController.swift */,
			);
			path = Animation;
			sourceTree = "<group>";
		};
		07DCCA5D27F49196000B0F5E /* didiCoordinator */ = {
			isa = PBXGroup;
			children = (
				07DCCA5E27F491AF000B0F5E /* Flow.swift */,
				07DCCA6027F491F7000B0F5E /* MainContentFlow.swift */,
				07DCCA6427F49AC0000B0F5E /* BuildFormFlow.swift */,
				07DCCA6A27F4A6A5000B0F5E /* CoreGraphicFlow.swift */,
				0739A2AE27F8002600E7B4A2 /* FunctionalProgramFlow.swift */,
				07C683CB2807C8CA00D6463C /* JournalContentFlow.swift */,
			);
			path = didiCoordinator;
			sourceTree = "<group>";
		};
		07DCCA6627F4A30F000B0F5E /* App */ = {
			isa = PBXGroup;
			children = (
				0715717027F33CAE008259C9 /* AppDelegate.swift */,
				07DCCA6227F4949B000B0F5E /* MainContentViewController.swift */,
				0715717927F33CAE008259C9 /* Assets.xcassets */,
				0715717B27F33CAE008259C9 /* LaunchScreen.storyboard */,
				0715717E27F33CAE008259C9 /* Info.plist */,
			);
			path = App;
			sourceTree = "<group>";
		};
		07DCCA6727F4A57F000B0F5E /* Tools */ = {
			isa = PBXGroup;
			children = (
				07DCCA6827F4A599000B0F5E /* StackBuilder.swift */,
				07DCCA7727F4AC42000B0F5E /* Stacks.swift */,
				07C683C72807BFA400D6463C /* AppTweaks.swift */,
				07C683C92807C1A300D6463C /* Toast.swift */,
			);
			path = Tools;
			sourceTree = "<group>";
		};
		07DCCA6C27F4A7D5000B0F5E /* CoreGraphic */ = {
			isa = PBXGroup;
			children = (
				074704F128071D99007BEA46 /* CoreGrahpicDemos */,
				07DCCA6D27F4A7F6000B0F5E /* CoreGraphicContentViewController.swift */,
				07DCCA6F27F4A990000B0F5E /* CoolButton.swift */,
				07DCCA7027F4A990000B0F5E /* GlossyButtonViewController.swift */,
				07DCCA7127F4A990000B0F5E /* UIView+createRoundedRect.swift */,
				07A29407280677E300CFFF03 /* BorderGradientButtonViewController.swift */,
				07A29409280681C500CFFF03 /* PathGradientButton.swift */,
				0785FB03280B216400AA8D3B /* WaveViewController.swift */,
				0785FB05280B23EE00AA8D3B /* FlipPageViewController.swift */,
			);
			path = CoreGraphic;
			sourceTree = "<group>";
		};
		07E97C042811C16300B10B43 /* RxSwift */ = {
			isa = PBXGroup;
			children = (
				07E97C052811C17800B10B43 /* RxSwiftContentFlow.swift */,
				07E97C072811C20800B10B43 /* RxSwiftContentViewController.swift */,
				07E97C092811C42D00B10B43 /* RxSubjectViewController.swift */,
			);
			path = RxSwift;
			sourceTree = "<group>";
		};
		07F1481627F6F3ED00D5B611 /* Swift language */ = {
			isa = PBXGroup;
			children = (
				07F1481727F6F3FD00D5B611 /* Curry.swift */,
			);
			path = "Swift language";
			sourceTree = "<group>";
		};
		62868D8531AC909A70132765 /* Pods */ = {
			isa = PBXGroup;
			children = (
				B563F738B42984FEA2470A43 /* Pods-Monitor.debug.xcconfig */,
				253C923C1D72B27C4B01B383 /* Pods-Monitor.release.xcconfig */,
			);
			path = Pods;
			sourceTree = "<group>";
		};
		BFD613C392B014711FE33AA3 /* Frameworks */ = {
			isa = PBXGroup;
			children = (
				7AB02687FDF6982F5E90A9BD /* Pods_Monitor.framework */,
			);
			name = Frameworks;
			sourceTree = "<group>";
		};
/* End PBXGroup section */

/* Begin PBXNativeTarget section */
		0715716C27F33CAE008259C9 /* Monitor */ = {
			isa = PBXNativeTarget;
			buildConfigurationList = 0715718127F33CAE008259C9 /* Build configuration list for PBXNativeTarget "Monitor" */;
			buildPhases = (
				DD1EEC82B0BFC7FBC25F65C6 /* [CP] Check Pods Manifest.lock */,
				0715716927F33CAE008259C9 /* Sources */,
				0715716A27F33CAE008259C9 /* Frameworks */,
				0715716B27F33CAE008259C9 /* Resources */,
				457BCD694EA3D9A657C13A00 /* [CP] Embed Pods Frameworks */,
			);
			buildRules = (
			);
			dependencies = (
			);
			name = Monitor;
			productName = Monitor;
			productReference = 0715716D27F33CAE008259C9 /* Monitor.app */;
			productType = "com.apple.product-type.application";
		};
/* End PBXNativeTarget section */

/* Begin PBXProject section */
		0715716527F33CAE008259C9 /* Project object */ = {
			isa = PBXProject;
			attributes = {
				BuildIndependentTargetsInParallel = 1;
				LastSwiftUpdateCheck = 1330;
				LastUpgradeCheck = 1330;
				TargetAttributes = {
					0715716C27F33CAE008259C9 = {
						CreatedOnToolsVersion = 13.3;
					};
				};
			};
			buildConfigurationList = 0715716827F33CAE008259C9 /* Build configuration list for PBXProject "Monitor" */;
			compatibilityVersion = "Xcode 13.0";
			developmentRegion = en;
			hasScannedForEncodings = 0;
			knownRegions = (
				en,
				Base,
			);
			mainGroup = 0715716427F33CAE008259C9;
			productRefGroup = 0715716E27F33CAE008259C9 /* Products */;
			projectDirPath = "";
			projectRoot = "";
			targets = (
				0715716C27F33CAE008259C9 /* Monitor */,
			);
		};
/* End PBXProject section */

/* Begin PBXResourcesBuildPhase section */
		0715716B27F33CAE008259C9 /* Resources */ = {
			isa = PBXResourcesBuildPhase;
			buildActionMask = 2147483647;
			files = (
				07C683E62807FCA500D6463C /* Books.plist in Resources */,
				0715717D27F33CAE008259C9 /* LaunchScreen.storyboard in Resources */,
				0715717A27F33CAE008259C9 /* Assets.xcassets in Resources */,
			);
			runOnlyForDeploymentPostprocessing = 0;
		};
/* End PBXResourcesBuildPhase section */

/* Begin PBXShellScriptBuildPhase section */
		457BCD694EA3D9A657C13A00 /* [CP] Embed Pods Frameworks */ = {
			isa = PBXShellScriptBuildPhase;
			buildActionMask = 2147483647;
			files = (
			);
			inputFileListPaths = (
				"${PODS_ROOT}/Target Support Files/Pods-Monitor/Pods-Monitor-frameworks-${CONFIGURATION}-input-files.xcfilelist",
			);
			name = "[CP] Embed Pods Frameworks";
			outputFileListPaths = (
				"${PODS_ROOT}/Target Support Files/Pods-Monitor/Pods-Monitor-frameworks-${CONFIGURATION}-output-files.xcfilelist",
			);
			runOnlyForDeploymentPostprocessing = 0;
			shellPath = /bin/sh;
			shellScript = "\"${PODS_ROOT}/Target Support Files/Pods-Monitor/Pods-Monitor-frameworks.sh\"\n";
			showEnvVarsInLog = 0;
		};
		DD1EEC82B0BFC7FBC25F65C6 /* [CP] Check Pods Manifest.lock */ = {
			isa = PBXShellScriptBuildPhase;
			buildActionMask = 2147483647;
			files = (
			);
			inputFileListPaths = (
			);
			inputPaths = (
				"${PODS_PODFILE_DIR_PATH}/Podfile.lock",
				"${PODS_ROOT}/Manifest.lock",
			);
			name = "[CP] Check Pods Manifest.lock";
			outputFileListPaths = (
			);
			outputPaths = (
				"$(DERIVED_FILE_DIR)/Pods-Monitor-checkManifestLockResult.txt",
			);
			runOnlyForDeploymentPostprocessing = 0;
			shellPath = /bin/sh;
			shellScript = "diff \"${PODS_PODFILE_DIR_PATH}/Podfile.lock\" \"${PODS_ROOT}/Manifest.lock\" > /dev/null\nif [ $? != 0 ] ; then\n    # print error to STDERR\n    echo \"error: The sandbox is not in sync with the Podfile.lock. Run 'pod install' or update your CocoaPods installation.\" >&2\n    exit 1\nfi\n# This output is used by Xcode 'outputs' to avoid re-running this script phase.\necho \"SUCCESS\" > \"${SCRIPT_OUTPUT_FILE_0}\"\n";
			showEnvVarsInLog = 0;
		};
/* End PBXShellScriptBuildPhase section */

/* Begin PBXSourcesBuildPhase section */
		0715716927F33CAE008259C9 /* Sources */ = {
			isa = PBXSourcesBuildPhase;
			buildActionMask = 2147483647;
			files = (
				07B8225127F34D79005B8EB3 /* BuildFormChapter2.swift in Sources */,
				074704E52806B1C3007BEA46 /* CGPath+extension.swift in Sources */,
				07C683E52807FCA500D6463C /* Book.swift in Sources */,
				07C683E12807FCA500D6463C /* BooksLayout.swift in Sources */,
				0739A2AF27F8002600E7B4A2 /* FunctionalProgramFlow.swift in Sources */,
				07C683CA2807C1A300D6463C /* Toast.swift in Sources */,
				077F18C427F3533800709CBA /* BuildFormChapter4.swift in Sources */,
				07DCCA7827F4AC42000B0F5E /* Stacks.swift in Sources */,
				07DCCA6327F4949B000B0F5E /* MainContentViewController.swift in Sources */,
				077F18C127F34FBA00709CBA /* BuildFormChapter3.swift in Sources */,
				07C683F62808259A00D6463C /* CATransitionViewController.swift in Sources */,
				07DCCA6E27F4A7F6000B0F5E /* CoreGraphicContentViewController.swift in Sources */,
				0785FB06280B23EE00AA8D3B /* FlipPageViewController.swift in Sources */,
				074704F7280723CE007BEA46 /* CoreGraphicRectView.swift in Sources */,
				07C683F328081A8F00D6463C /* BookOpeningTransition.swift in Sources */,
				0704C73127F8247A0009FAD3 /* BattleShip.swift in Sources */,
				07DCCA7427F4A990000B0F5E /* GlossyButtonViewController.swift in Sources */,
				07C683F1280817F200D6463C /* BookNavigationController.swift in Sources */,
				07C683EA2807FCB100D6463C /* UIImage+Helpers.swift in Sources */,
				07B8224D27F34AD2005B8EB3 /* BuildFormChapter0.swift in Sources */,
				070D0EA02812AE2F00F01E31 /* CoreImageContentFlow.swift in Sources */,
				07C683E82807FCA500D6463C /* BookLayout.swift in Sources */,
				077F18C727F353EB00709CBA /* BuildFormChapter5.swift in Sources */,
				0739A2B227F8032D00E7B4A2 /* FunctionalProgramContentViewController.swift in Sources */,
				07DCCA6927F4A599000B0F5E /* StackBuilder.swift in Sources */,
				0785FB04280B216400AA8D3B /* WaveViewController.swift in Sources */,
				074704F528072173007BEA46 /* CoreGraphicLineView.swift in Sources */,
				0704C73327F8357F0009FAD3 /* Map,Filter,Reduce.swift in Sources */,
				0785FB08280C7A6B00AA8D3B /* CoreGraphicCircle.swift in Sources */,
				07E97C0A2811C42D00B10B43 /* RxSubjectViewController.swift in Sources */,
				07F1481827F6F3FD00D5B611 /* Curry.swift in Sources */,
				070D0EA92812FDCC00F01E31 /* CoreImageApplyRectViewController.swift in Sources */,
				07A2940F2806AD0800CFFF03 /* CGContext+extensions.swift in Sources */,
				07C683E32807FCA500D6463C /* BookViewController.swift in Sources */,
				0715717527F33CAE008259C9 /* BuildingFormContentViewController.swift in Sources */,
				070D0EA22812AE9800F01E31 /* CoreImageContentViewController.swift in Sources */,
				07DCCA6127F491F7000B0F5E /* MainContentFlow.swift in Sources */,
				07C683D32807CAFA00D6463C /* JournalPageViewController.swift in Sources */,
				07A2940D2806A03D00CFFF03 /* UIColor+extensions.swift in Sources */,
				07DCCA6527F49AC0000B0F5E /* BuildFormFlow.swift in Sources */,
				07A29408280677E300CFFF03 /* BorderGradientButtonViewController.swift in Sources */,
				070D0EA72812EE9400F01E31 /* CoreImageFirstViewController.swift in Sources */,
				07C683E02807FCA500D6463C /* BookCoverCell.swift in Sources */,
				07E97C082811C20800B10B43 /* RxSwiftContentViewController.swift in Sources */,
				07A2940A280681C500CFFF03 /* PathGradientButton.swift in Sources */,
				074704F028071D6E007BEA46 /* CoreGraphicDemosViewController.swift in Sources */,
				07DCCA7527F4A990000B0F5E /* UIView+createRoundedRect.swift in Sources */,
				0715717127F33CAE008259C9 /* AppDelegate.swift in Sources */,
				07B8224F27F34C72005B8EB3 /* BuildFormChapter1.swift in Sources */,
				07DCCA5F27F491AF000B0F5E /* Flow.swift in Sources */,
				07C683E72807FCA500D6463C /* BookStore.swift in Sources */,
				07E97C062811C17800B10B43 /* RxSwiftContentFlow.swift in Sources */,
				07C683E42807FCA500D6463C /* BookPageCell.swift in Sources */,
				07C683CF2807C96F00D6463C /* JournalContentViewController.swift in Sources */,
				07DCCA7327F4A990000B0F5E /* CoolButton.swift in Sources */,
				077F18C827F353EB00709CBA /* BuildFormChapter6.swift in Sources */,
				077F18CA27F357E300709CBA /* BuildFormChapter7.swift in Sources */,
				074704F328071DF0007BEA46 /* CoreGraphicTextView.swift in Sources */,
				07C683CC2807C8CA00D6463C /* JournalContentFlow.swift in Sources */,
				07DCCA6B27F4A6A5000B0F5E /* CoreGraphicFlow.swift in Sources */,
				07C683E22807FCA500D6463C /* BooksViewController.swift in Sources */,
				07C683C82807BFA400D6463C /* AppTweaks.swift in Sources */,
				0704C73527F856D00009FAD3 /* EnumStructFunctional.swift in Sources */,
			);
			runOnlyForDeploymentPostprocessing = 0;
		};
/* End PBXSourcesBuildPhase section */

/* Begin PBXVariantGroup section */
		0715717B27F33CAE008259C9 /* LaunchScreen.storyboard */ = {
			isa = PBXVariantGroup;
			children = (
				0715717C27F33CAE008259C9 /* Base */,
			);
			name = LaunchScreen.storyboard;
			sourceTree = "<group>";
		};
/* End PBXVariantGroup section */

/* Begin XCBuildConfiguration section */
		0715717F27F33CAE008259C9 /* Debug */ = {
			isa = XCBuildConfiguration;
			buildSettings = {
				ALWAYS_SEARCH_USER_PATHS = NO;
				CLANG_ANALYZER_NONNULL = YES;
				CLANG_ANALYZER_NUMBER_OBJECT_CONVERSION = YES_AGGRESSIVE;
				CLANG_CXX_LANGUAGE_STANDARD = "gnu++17";
				CLANG_ENABLE_MODULES = YES;
				CLANG_ENABLE_OBJC_ARC = YES;
				CLANG_ENABLE_OBJC_WEAK = YES;
				CLANG_WARN_BLOCK_CAPTURE_AUTORELEASING = YES;
				CLANG_WARN_BOOL_CONVERSION = YES;
				CLANG_WARN_COMMA = YES;
				CLANG_WARN_CONSTANT_CONVERSION = YES;
				CLANG_WARN_DEPRECATED_OBJC_IMPLEMENTATIONS = YES;
				CLANG_WARN_DIRECT_OBJC_ISA_USAGE = YES_ERROR;
				CLANG_WARN_DOCUMENTATION_COMMENTS = YES;
				CLANG_WARN_EMPTY_BODY = YES;
				CLANG_WARN_ENUM_CONVERSION = YES;
				CLANG_WARN_INFINITE_RECURSION = YES;
				CLANG_WARN_INT_CONVERSION = YES;
				CLANG_WARN_NON_LITERAL_NULL_CONVERSION = YES;
				CLANG_WARN_OBJC_IMPLICIT_RETAIN_SELF = YES;
				CLANG_WARN_OBJC_LITERAL_CONVERSION = YES;
				CLANG_WARN_OBJC_ROOT_CLASS = YES_ERROR;
				CLANG_WARN_QUOTED_INCLUDE_IN_FRAMEWORK_HEADER = YES;
				CLANG_WARN_RANGE_LOOP_ANALYSIS = YES;
				CLANG_WARN_STRICT_PROTOTYPES = YES;
				CLANG_WARN_SUSPICIOUS_MOVE = YES;
				CLANG_WARN_UNGUARDED_AVAILABILITY = YES_AGGRESSIVE;
				CLANG_WARN_UNREACHABLE_CODE = YES;
				CLANG_WARN__DUPLICATE_METHOD_MATCH = YES;
				COPY_PHASE_STRIP = NO;
				DEBUG_INFORMATION_FORMAT = dwarf;
				ENABLE_STRICT_OBJC_MSGSEND = YES;
				ENABLE_TESTABILITY = YES;
				GCC_C_LANGUAGE_STANDARD = gnu11;
				GCC_DYNAMIC_NO_PIC = NO;
				GCC_NO_COMMON_BLOCKS = YES;
				GCC_OPTIMIZATION_LEVEL = 0;
				GCC_PREPROCESSOR_DEFINITIONS = (
					"DEBUG=1",
					"$(inherited)",
				);
				GCC_WARN_64_TO_32_BIT_CONVERSION = YES;
				GCC_WARN_ABOUT_RETURN_TYPE = YES_ERROR;
				GCC_WARN_UNDECLARED_SELECTOR = YES;
				GCC_WARN_UNINITIALIZED_AUTOS = YES_AGGRESSIVE;
				GCC_WARN_UNUSED_FUNCTION = YES;
				GCC_WARN_UNUSED_VARIABLE = YES;
				IPHONEOS_DEPLOYMENT_TARGET = 15.2;
				MTL_ENABLE_DEBUG_INFO = INCLUDE_SOURCE;
				MTL_FAST_MATH = YES;
				ONLY_ACTIVE_ARCH = YES;
				SDKROOT = iphoneos;
				SWIFT_ACTIVE_COMPILATION_CONDITIONS = DEBUG;
				SWIFT_OPTIMIZATION_LEVEL = "-Onone";
			};
			name = Debug;
		};
		0715718027F33CAE008259C9 /* Release */ = {
			isa = XCBuildConfiguration;
			buildSettings = {
				ALWAYS_SEARCH_USER_PATHS = NO;
				CLANG_ANALYZER_NONNULL = YES;
				CLANG_ANALYZER_NUMBER_OBJECT_CONVERSION = YES_AGGRESSIVE;
				CLANG_CXX_LANGUAGE_STANDARD = "gnu++17";
				CLANG_ENABLE_MODULES = YES;
				CLANG_ENABLE_OBJC_ARC = YES;
				CLANG_ENABLE_OBJC_WEAK = YES;
				CLANG_WARN_BLOCK_CAPTURE_AUTORELEASING = YES;
				CLANG_WARN_BOOL_CONVERSION = YES;
				CLANG_WARN_COMMA = YES;
				CLANG_WARN_CONSTANT_CONVERSION = YES;
				CLANG_WARN_DEPRECATED_OBJC_IMPLEMENTATIONS = YES;
				CLANG_WARN_DIRECT_OBJC_ISA_USAGE = YES_ERROR;
				CLANG_WARN_DOCUMENTATION_COMMENTS = YES;
				CLANG_WARN_EMPTY_BODY = YES;
				CLANG_WARN_ENUM_CONVERSION = YES;
				CLANG_WARN_INFINITE_RECURSION = YES;
				CLANG_WARN_INT_CONVERSION = YES;
				CLANG_WARN_NON_LITERAL_NULL_CONVERSION = YES;
				CLANG_WARN_OBJC_IMPLICIT_RETAIN_SELF = YES;
				CLANG_WARN_OBJC_LITERAL_CONVERSION = YES;
				CLANG_WARN_OBJC_ROOT_CLASS = YES_ERROR;
				CLANG_WARN_QUOTED_INCLUDE_IN_FRAMEWORK_HEADER = YES;
				CLANG_WARN_RANGE_LOOP_ANALYSIS = YES;
				CLANG_WARN_STRICT_PROTOTYPES = YES;
				CLANG_WARN_SUSPICIOUS_MOVE = YES;
				CLANG_WARN_UNGUARDED_AVAILABILITY = YES_AGGRESSIVE;
				CLANG_WARN_UNREACHABLE_CODE = YES;
				CLANG_WARN__DUPLICATE_METHOD_MATCH = YES;
				COPY_PHASE_STRIP = NO;
				DEBUG_INFORMATION_FORMAT = "dwarf-with-dsym";
				ENABLE_NS_ASSERTIONS = NO;
				ENABLE_STRICT_OBJC_MSGSEND = YES;
				GCC_C_LANGUAGE_STANDARD = gnu11;
				GCC_NO_COMMON_BLOCKS = YES;
				GCC_WARN_64_TO_32_BIT_CONVERSION = YES;
				GCC_WARN_ABOUT_RETURN_TYPE = YES_ERROR;
				GCC_WARN_UNDECLARED_SELECTOR = YES;
				GCC_WARN_UNINITIALIZED_AUTOS = YES_AGGRESSIVE;
				GCC_WARN_UNUSED_FUNCTION = YES;
				GCC_WARN_UNUSED_VARIABLE = YES;
				IPHONEOS_DEPLOYMENT_TARGET = 15.2;
				MTL_ENABLE_DEBUG_INFO = NO;
				MTL_FAST_MATH = YES;
				SDKROOT = iphoneos;
				SWIFT_COMPILATION_MODE = wholemodule;
				SWIFT_OPTIMIZATION_LEVEL = "-O";
				VALIDATE_PRODUCT = YES;
			};
			name = Release;
		};
		0715718227F33CAE008259C9 /* Debug */ = {
			isa = XCBuildConfiguration;
			baseConfigurationReference = B563F738B42984FEA2470A43 /* Pods-Monitor.debug.xcconfig */;
			buildSettings = {
				ASSETCATALOG_COMPILER_APPICON_NAME = AppIcon;
				ASSETCATALOG_COMPILER_GLOBAL_ACCENT_COLOR_NAME = AccentColor;
				CODE_SIGN_STYLE = Automatic;
				CURRENT_PROJECT_VERSION = 1;
				DEVELOPMENT_TEAM = LH8PPFBRK4;
				GENERATE_INFOPLIST_FILE = YES;
				INFOPLIST_FILE = Monitor/App/Info.plist;
				INFOPLIST_KEY_UIApplicationSupportsIndirectInputEvents = YES;
				INFOPLIST_KEY_UILaunchStoryboardName = LaunchScreen;
				INFOPLIST_KEY_UISupportedInterfaceOrientations = UIInterfaceOrientationPortrait;
				INFOPLIST_KEY_UISupportedInterfaceOrientations_iPad = "UIInterfaceOrientationPortrait UIInterfaceOrientationPortraitUpsideDown UIInterfaceOrientationLandscapeLeft UIInterfaceOrientationLandscapeRight";
				INFOPLIST_KEY_UISupportedInterfaceOrientations_iPhone = "UIInterfaceOrientationPortrait UIInterfaceOrientationLandscapeLeft UIInterfaceOrientationLandscapeRight";
				IPHONEOS_DEPLOYMENT_TARGET = 13.6;
				LD_RUNPATH_SEARCH_PATHS = (
					"$(inherited)",
					"@executable_path/Frameworks",
				);
				MARKETING_VERSION = 1.0;
				PRODUCT_BUNDLE_IDENTIFIER = fri.Monitor;
				PRODUCT_NAME = "$(TARGET_NAME)";
				SWIFT_EMIT_LOC_STRINGS = YES;
				SWIFT_VERSION = 5.0;
				TARGETED_DEVICE_FAMILY = 1;
			};
			name = Debug;
		};
		0715718327F33CAE008259C9 /* Release */ = {
			isa = XCBuildConfiguration;
			baseConfigurationReference = 253C923C1D72B27C4B01B383 /* Pods-Monitor.release.xcconfig */;
			buildSettings = {
				ASSETCATALOG_COMPILER_APPICON_NAME = AppIcon;
				ASSETCATALOG_COMPILER_GLOBAL_ACCENT_COLOR_NAME = AccentColor;
				CODE_SIGN_STYLE = Automatic;
				CURRENT_PROJECT_VERSION = 1;
				DEVELOPMENT_TEAM = LH8PPFBRK4;
				GENERATE_INFOPLIST_FILE = YES;
				INFOPLIST_FILE = Monitor/App/Info.plist;
				INFOPLIST_KEY_UIApplicationSupportsIndirectInputEvents = YES;
				INFOPLIST_KEY_UILaunchStoryboardName = LaunchScreen;
				INFOPLIST_KEY_UISupportedInterfaceOrientations = UIInterfaceOrientationPortrait;
				INFOPLIST_KEY_UISupportedInterfaceOrientations_iPad = "UIInterfaceOrientationPortrait UIInterfaceOrientationPortraitUpsideDown UIInterfaceOrientationLandscapeLeft UIInterfaceOrientationLandscapeRight";
				INFOPLIST_KEY_UISupportedInterfaceOrientations_iPhone = "UIInterfaceOrientationPortrait UIInterfaceOrientationLandscapeLeft UIInterfaceOrientationLandscapeRight";
				IPHONEOS_DEPLOYMENT_TARGET = 13.6;
				LD_RUNPATH_SEARCH_PATHS = (
					"$(inherited)",
					"@executable_path/Frameworks",
				);
				MARKETING_VERSION = 1.0;
				PRODUCT_BUNDLE_IDENTIFIER = fri.Monitor;
				PRODUCT_NAME = "$(TARGET_NAME)";
				SWIFT_EMIT_LOC_STRINGS = YES;
				SWIFT_VERSION = 5.0;
				TARGETED_DEVICE_FAMILY = 1;
			};
			name = Release;
		};
/* End XCBuildConfiguration section */

/* Begin XCConfigurationList section */
		0715716827F33CAE008259C9 /* Build configuration list for PBXProject "Monitor" */ = {
			isa = XCConfigurationList;
			buildConfigurations = (
				0715717F27F33CAE008259C9 /* Debug */,
				0715718027F33CAE008259C9 /* Release */,
			);
			defaultConfigurationIsVisible = 0;
			defaultConfigurationName = Release;
		};
		0715718127F33CAE008259C9 /* Build configuration list for PBXNativeTarget "Monitor" */ = {
			isa = XCConfigurationList;
			buildConfigurations = (
				0715718227F33CAE008259C9 /* Debug */,
				0715718327F33CAE008259C9 /* Release */,
			);
			defaultConfigurationIsVisible = 0;
			defaultConfigurationName = Release;
		};
/* End XCConfigurationList section */
	};
	rootObject = 0715716527F33CAE008259C9 /* Project object */;
}
